Microsoft Visual Studio Solution File, Format Version 12.00
# Visual Studio Version 17
VisualStudioVersion = 17.5.2.0
MinimumVisualStudioVersion = 10.0.40219.1
Project("{FAE04EC0-301F-11D3-BF4B-00C04F79EFBC}") = "BookStoreProject.API", "BookStoreProject.API.csproj", "{514E9B12-F121-53AA-446B-1EF22FF45A6C}"
EndProject
Global
	GlobalSection(SolutionConfigurationPlatforms) = preSolution
		Debug|Any CPU = Debug|Any CPU
		Release|Any CPU = Release|Any CPU
	EndGlobalSection
	GlobalSection(ProjectConfigurationPlatforms) = postSolution
		{514E9B12-F121-53AA-446B-1EF22FF45A6C}.Debug|Any CPU.ActiveCfg = Debug|Any CPU
		{514E9B12-F121-53AA-446B-1EF22FF45A6C}.Debug|Any CPU.Build.0 = Debug|Any CPU
		{514E9B12-F121-53AA-446B-1EF22FF45A6C}.Release|Any CPU.ActiveCfg = Release|Any CPU
		{514E9B12-F121-53AA-446B-1EF22FF45A6C}.Release|Any CPU.Build.0 = Release|Any CPU
	EndGlobalSection
	GlobalSection(SolutionProperties) = preSolution
		HideSolutionNode = FALSE
	EndGlobalSection
	GlobalSection(ExtensibilityGlobals) = postSolution
		SolutionGuid = {E52B8C2E-804D-4D7A-8890-A242E201DC7A}
	EndGlobalSection
EndGlobal
